github.com/kelvins/geocoder v0.0.0-20231112130812-98d82c75e49b h1:vYdrCOXf71Pb2+FHlcA7K2C674hZVZzODy3PHCDle1Y=
github.com/kelvins/geocoder v0.0.0-20231112130812-98d82c75e49b/go.mod h1:JaVDVP24FJxa8OtNO5T1A2WKgstNreJGyK1PvBRzPW0=
github.com/lib/pq v1.10.9 h1:YXG7RB+JIjhP29X+OtkiDnYaXQwpS4JEWq7dtCCRUEw=
github.com/lib/pq v1.10.9/go.mod h1:AlVN5x4E4T544tWzH6hKfbfQvm3HdbOxrmggDNAPY9o=
